
Microsoft Visual Studio Solution File, Format Version 12.00
# Visual Studio Version 16
VisualStudioVersion = 16.0.29911.84
MinimumVisualStudioVersion = 10.0.40219.1
Project("{FAE04EC0-301F-11D3-BF4B-00C04F79EFBC}") = "PancakeViewExemplo.Android", "PancakeViewExemplo\PancakeViewExemplo.Android\PancakeViewExemplo.Android.csproj", "{4423D44B-52A6-4EDC-AA01-D21A15BBE11F}"
EndProject
Project("{FAE04EC0-301F-11D3-BF4B-00C04F79EFBC}") = "PancakeViewExemplo.iOS", "PancakeViewExemplo\PancakeViewExemplo.iOS\PancakeViewExemplo.iOS.csproj", "{25DB3B0C-3839-42AA-81EF-4521A116CA32}"
EndProject
Project("{FAE04EC0-301F-11D3-BF4B-00C04F79EFBC}") = "PancakeViewExemplo", "PancakeViewExemplo\PancakeViewExemplo\PancakeViewExemplo.csproj", "{50DA766B-2EEA-4AC7-8F08-27BEB5315F50}"
EndProject
Global
	GlobalSection(SolutionConfigurationPlatforms) = preSolution
		Debug|Any CPU = Debug|Any CPU
		Debug|iPhone = Debug|iPhone
		Debug|iPhoneSimulator = Debug|iPhoneSimulator
		Release|Any CPU = Release|Any CPU
		Release|iPhone = Release|iPhone
		Release|iPhoneSimulator = Release|iPhoneSimulator
	EndGlobalSection
	GlobalSection(ProjectConfigurationPlatforms) = postSolution
		{4423D44B-52A6-4EDC-AA01-D21A15BBE11F}.Debug|Any CPU.ActiveCfg = Debug|Any CPU
		{4423D44B-52A6-4EDC-AA01-D21A15BBE11F}.Debug|Any CPU.Build.0 = Debug|Any CPU
		{4423D44B-52A6-4EDC-AA01-D21A15BBE11F}.Debug|Any CPU.Deploy.0 = Debug|Any CPU
		{4423D44B-52A6-4EDC-AA01-D21A15BBE11F}.Debug|iPhone.ActiveCfg = Debug|Any CPU
		{4423D44B-52A6-4EDC-AA01-D21A15BBE11F}.Debug|iPhone.Build.0 = Debug|Any CPU
		{4423D44B-52A6-4EDC-AA01-D21A15BBE11F}.Debug|iPhone.Deploy.0 = Debug|Any CPU
		{4423D44B-52A6-4EDC-AA01-D21A15BBE11F}.Debug|iPhoneSimulator.ActiveCfg = Debug|Any CPU
		{4423D44B-52A6-4EDC-AA01-D21A15BBE11F}.Debug|iPhoneSimulator.Build.0 = Debug|Any CPU
		{4423D44B-52A6-4EDC-AA01-D21A15BBE11F}.Debug|iPhoneSimulator.Deploy.0 = Debug|Any CPU
		{4423D44B-52A6-4EDC-AA01-D21A15BBE11F}.Release|Any CPU.ActiveCfg = Release|Any CPU
		{4423D44B-52A6-4EDC-AA01-D21A15BBE11F}.Release|Any CPU.Build.0 = Release|Any CPU
		{4423D44B-52A6-4EDC-AA01-D21A15BBE11F}.Release|Any CPU.Deploy.0 = Release|Any CPU
		{4423D44B-52A6-4EDC-AA01-D21A15BBE11F}.Release|iPhone.ActiveCfg = Release|Any CPU
		{4423D44B-52A6-4EDC-AA01-D21A15BBE11F}.Release|iPhone.Build.0 = Release|Any CPU
		{4423D44B-52A6-4EDC-AA01-D21A15BBE11F}.Release|iPhone.Deploy.0 = Release|Any CPU
		{4423D44B-52A6-4EDC-AA01-D21A15BBE11F}.Release|iPhoneSimulator.ActiveCfg = Release|Any CPU
		{4423D44B-52A6-4EDC-AA01-D21A15BBE11F}.Release|iPhoneSimulator.Build.0 = Release|Any CPU
		{4423D44B-52A6-4EDC-AA01-D21A15BBE11F}.Release|iPhoneSimulator.Deploy.0 = Release|Any CPU
		{25DB3B0C-3839-42AA-81EF-4521A116CA32}.Debug|Any CPU.ActiveCfg = Debug|iPhone
		{25DB3B0C-3839-42AA-81EF-4521A116CA32}.Debug|Any CPU.Build.0 = Debug|iPhone
		{25DB3B0C-3839-42AA-81EF-4521A116CA32}.Debug|Any CPU.Deploy.0 = Debug|iPhone
		{25DB3B0C-3839-42AA-81EF-4521A116CA32}.Debug|iPhone.ActiveCfg = Debug|iPhone
		{25DB3B0C-3839-42AA-81EF-4521A116CA32}.Debug|iPhone.Build.0 = Debug|iPhone
		{25DB3B0C-3839-42AA-81EF-4521A116CA32}.Debug|iPhone.Deploy.0 = Debug|iPhone
		{25DB3B0C-3839-42AA-81EF-4521A116CA32}.Debug|iPhoneSimulator.ActiveCfg = Debug|iPhoneSimulator
		{25DB3B0C-3839-42AA-81EF-4521A116CA32}.Debug|iPhoneSimulator.Build.0 = Debug|iPhoneSimulator
		{25DB3B0C-3839-42AA-81EF-4521A116CA32}.Debug|iPhoneSimulator.Deploy.0 = Debug|iPhoneSimulator
		{25DB3B0C-3839-42AA-81EF-4521A116CA32}.Release|Any CPU.ActiveCfg = Release|iPhone
		{25DB3B0C-3839-42AA-81EF-4521A116CA32}.Release|Any CPU.Build.0 = Release|iPhone
		{25DB3B0C-3839-42AA-81EF-4521A116CA32}.Release|Any CPU.Deploy.0 = Release|iPhone
		{25DB3B0C-3839-42AA-81EF-4521A116CA32}.Release|iPhone.ActiveCfg = Release|iPhone
		{25DB3B0C-3839-42AA-81EF-4521A116CA32}.Release|iPhone.Build.0 = Release|iPhone
		{25DB3B0C-3839-42AA-81EF-4521A116CA32}.Release|iPhone.Deploy.0 = Release|iPhone
		{25DB3B0C-3839-42AA-81EF-4521A116CA32}.Release|iPhoneSimulator.ActiveCfg = Release|iPhoneSimulator
		{25DB3B0C-3839-42AA-81EF-4521A116CA32}.Release|iPhoneSimulator.Build.0 = Release|iPhoneSimulator
		{25DB3B0C-3839-42AA-81EF-4521A116CA32}.Release|iPhoneSimulator.Deploy.0 = Release|iPhoneSimulator
		{50DA766B-2EEA-4AC7-8F08-27BEB5315F50}.Debug|Any CPU.ActiveCfg = Debug|Any CPU
		{50DA766B-2EEA-4AC7-8F08-27BEB5315F50}.Debug|Any CPU.Build.0 = Debug|Any CPU
		{50DA766B-2EEA-4AC7-8F08-27BEB5315F50}.Debug|Any CPU.Deploy.0 = Debug|Any CPU
		{50DA766B-2EEA-4AC7-8F08-27BEB5315F50}.Debug|iPhone.ActiveCfg = Debug|Any CPU
		{50DA766B-2EEA-4AC7-8F08-27BEB5315F50}.Debug|iPhone.Build.0 = Debug|Any CPU
		{50DA766B-2EEA-4AC7-8F08-27BEB5315F50}.Debug|iPhone.Deploy.0 = Debug|Any CPU
		{50DA766B-2EEA-4AC7-8F08-27BEB5315F50}.Debug|iPhoneSimulator.ActiveCfg = Debug|Any CPU
		{50DA766B-2EEA-4AC7-8F08-27BEB5315F50}.Debug|iPhoneSimulator.Build.0 = Debug|Any CPU
		{50DA766B-2EEA-4AC7-8F08-27BEB5315F50}.Debug|iPhoneSimulator.Deploy.0 = Debug|Any CPU
		{50DA766B-2EEA-4AC7-8F08-27BEB5315F50}.Release|Any CPU.ActiveCfg = Release|Any CPU
		{50DA766B-2EEA-4AC7-8F08-27BEB5315F50}.Release|Any CPU.Build.0 = Release|Any CPU
		{50DA766B-2EEA-4AC7-8F08-27BEB5315F50}.Release|Any CPU.Deploy.0 = Release|Any CPU
		{50DA766B-2EEA-4AC7-8F08-27BEB5315F50}.Release|iPhone.ActiveCfg = Release|Any CPU
		{50DA766B-2EEA-4AC7-8F08-27BEB5315F50}.Release|iPhone.Build.0 = Release|Any CPU
		{50DA766B-2EEA-4AC7-8F08-27BEB5315F50}.Release|iPhone.Deploy.0 = Release|Any CPU
		{50DA766B-2EEA-4AC7-8F08-27BEB5315F50}.Release|iPhoneSimulator.ActiveCfg = Release|Any CPU
		{50DA766B-2EEA-4AC7-8F08-27BEB5315F50}.Release|iPhoneSimulator.Build.0 = Release|Any CPU
		{50DA766B-2EEA-4AC7-8F08-27BEB5315F50}.Release|iPhoneSimulator.Deploy.0 = Release|Any CPU
	EndGlobalSection
	GlobalSection(SolutionProperties) = preSolution
		HideSolutionNode = FALSE
	EndGlobalSection
	GlobalSection(ExtensibilityGlobals) = postSolution
		SolutionGuid = {6F663839-EFC8-46F6-B556-56323551A9DF}
	EndGlobalSection
EndGlobal
